// !$*UTF8*$!
{
	archiveVersion = 1;
	classes = {
	};
	objectVersion = 50;
	objects = {

/* Begin PBXBuildFile section */
		84BB4DA121F0624D00D5D496 /* AppDelegate.swift in Sources */ = {isa = PBXBuildFile; fileRef = 84BB4DA021F0624D00D5D496 /* AppDelegate.swift */; };
		84BB4DA321F0624D00D5D496 /* WelcomeVC.swift in Sources */ = {isa = PBXBuildFile; fileRef = 84BB4DA221F0624D00D5D496 /* WelcomeVC.swift */; };
		84BB4DA621F0624D00D5D496 /* Main.storyboard in Resources */ = {isa = PBXBuildFile; fileRef = 84BB4DA421F0624D00D5D496 /* Main.storyboard */; };
		84BB4DA821F0625700D5D496 /* Assets.xcassets in Resources */ = {isa = PBXBuildFile; fileRef = 84BB4DA721F0625700D5D496 /* Assets.xcassets */; };
		84BB4DAB21F0625700D5D496 /* LaunchScreen.storyboard in Resources */ = {isa = PBXBuildFile; fileRef = 84BB4DA921F0625700D5D496 /* LaunchScreen.storyboard */; };
		84BB4DB421F069C300D5D496 /* borderButton.swift in Sources */ = {isa = PBXBuildFile; fileRef = 84BB4DB321F069C300D5D496 /* borderButton.swift */; };
		84BB4DB621F7323B00D5D496 /* DesireVC.swift in Sources */ = {isa = PBXBuildFile; fileRef = 84BB4DB521F7323A00D5D496 /* DesireVC.swift */; };
		84BB4DB821F732F100D5D496 /* finishVcViewController.swift in Sources */ = {isa = PBXBuildFile; fileRef = 84BB4DB721F732F100D5D496 /* finishVcViewController.swift */; };
/* End PBXBuildFile section */

/* Begin PBXFileReference section */
		84BB4D9D21F0624D00D5D496 /* Swoosh App.app */ = {isa = PBXFileReference; explicitFileType = wrapper.application; includeInIndex = 0; path = "Swoosh App.app"; sourceTree = BUILT_PRODUCTS_DIR; };
		84BB4DA021F0624D00D5D496 /* AppDelegate.swift */ = {isa = PBXFileReference; lastKnownFileType = sourcecode.swift; path = AppDelegate.swift; sourceTree = "<group>"; };
		84BB4DA221F0624D00D5D496 /* WelcomeVC.swift */ = {isa = PBXFileReference; lastKnownFileType = sourcecode.swift; path = WelcomeVC.swift; sourceTree = "<group>"; };
		84BB4DA521F0624D00D5D496 /* Base */ = {isa = PBXFileReference; lastKnownFileType = file.storyboard; name = Base; path = Base.lproj/Main.storyboard; sourceTree = "<group>"; };
		84BB4DA721F0625700D5D496 /* Assets.xcassets */ = {isa = PBXFileReference; lastKnownFileType = folder.assetcatalog; path = Assets.xcassets; sourceTree = "<group>"; };
		84BB4DAA21F0625700D5D496 /* Base */ = {isa = PBXFileReference; lastKnownFileType = file.storyboard; name = Base; path = Base.lproj/LaunchScreen.storyboard; sourceTree = "<group>"; };
		84BB4DAC21F0625700D5D496 /* Info.plist */ = {isa = PBXFileReference; lastKnownFileType = text.plist.xml; path = Info.plist; sourceTree = "<group>"; };
		84BB4DB321F069C300D5D496 /* borderButton.swift */ = {isa = PBXFileReference; lastKnownFileType = sourcecode.swift; path = borderButton.swift; sourceTree = "<group>"; };
		84BB4DB521F7323A00D5D496 /* DesireVC.swift */ = {isa = PBXFileReference; lastKnownFileType = sourcecode.swift; path = DesireVC.swift; sourceTree = "<group>"; };
		84BB4DB721F732F100D5D496 /* finishVcViewController.swift */ = {isa = PBXFileReference; lastKnownFileType = sourcecode.swift; path = finishVcViewController.swift; sourceTree = "<group>"; };
/* End PBXFileReference section */

/* Begin PBXFrameworksBuildPhase section */
		84BB4D9A21F0624C00D5D496 /* Frameworks */ = {
			isa = PBXFrameworksBuildPhase;
			buildActionMask = 2147483647;
			files = (
			);
			runOnlyForDeploymentPostprocessing = 0;
		};
/* End PBXFrameworksBuildPhase section */

/* Begin PBXGroup section */
		84BB4D9421F0624C00D5D496 = {
			isa = PBXGroup;
			children = (
				84BB4D9F21F0624D00D5D496 /* Swoosh App */,
				84BB4D9E21F0624D00D5D496 /* Products */,
			);
			sourceTree = "<group>";
		};
		84BB4D9E21F0624D00D5D496 /* Products */ = {
			isa = PBXGroup;
			children = (
				84BB4D9D21F0624D00D5D496 /* Swoosh App.app */,
			);
			name = Products;
			sourceTree = "<group>";
		};
		84BB4D9F21F0624D00D5D496 /* Swoosh App */ = {
			isa = PBXGroup;
			children = (
				84BB4DB221F0699A00D5D496 /* Views */,
				84BB4DA021F0624D00D5D496 /* AppDelegate.swift */,
				84BB4DA421F0624D00D5D496 /* Main.storyboard */,
				84BB4DA721F0625700D5D496 /* Assets.xcassets */,
				84BB4DA921F0625700D5D496 /* LaunchScreen.storyboard */,
				84BB4DAC21F0625700D5D496 /* Info.plist */,
			);
			path = "Swoosh App";
			sourceTree = "<group>";
		};
		84BB4DB221F0699A00D5D496 /* Views */ = {
			isa = PBXGroup;
			children = (
				84BB4DA221F0624D00D5D496 /* WelcomeVC.swift */,
				84BB4DB321F069C300D5D496 /* borderButton.swift */,
				84BB4DB521F7323A00D5D496 /* DesireVC.swift */,
				84BB4DB721F732F100D5D496 /* finishVcViewController.swift */,
			);
			path = Views;
			sourceTree = "<group>";
		};
/* End PBXGroup section */

/* Begin PBXNativeTarget section */
		84BB4D9C21F0624C00D5D496 /* Swoosh App */ = {
			isa = PBXNativeTarget;
			buildConfigurationList = 84BB4DAF21F0625700D5D496 /* Build configuration list for PBXNativeTarget "Swoosh App" */;
			buildPhases = (
				84BB4D9921F0624C00D5D496 /* Sources */,
				84BB4D9A21F0624C00D5D496 /* Frameworks */,
				84BB4D9B21F0624C00D5D496 /* Resources */,
			);
			buildRules = (
			);
			dependencies = (
			);
			name = "Swoosh App";
			productName = "Swoosh App";
			productReference = 84BB4D9D21F0624D00D5D496 /* Swoosh App.app */;
			productType = "com.apple.product-type.application";
		};
/* End PBXNativeTarget section */

/* Begin PBXProject section */
		84BB4D9521F0624C00D5D496 /* Project object */ = {
			isa = PBXProject;
			attributes = {
				LastSwiftUpdateCheck = 1010;
				LastUpgradeCheck = 1010;
				ORGANIZATIONNAME = NanoSoft;
				TargetAttributes = {
					84BB4D9C21F0624C00D5D496 = {
						CreatedOnToolsVersion = 10.1;
					};
				};
			};
			buildConfigurationList = 84BB4D9821F0624C00D5D496 /* Build configuration list for PBXProject "Swoosh App" */;
			compatibilityVersion = "Xcode 9.3";
			developmentRegion = en;
			hasScannedForEncodings = 0;
			knownRegions = (
				en,
				Base,
			);
			mainGroup = 84BB4D9421F0624C00D5D496;
			productRefGroup = 84BB4D9E21F0624D00D5D496 /* Products */;
			projectDirPath = "";
			projectRoot = "";
			targets = (
				84BB4D9C21F0624C00D5D496 /* Swoosh App */,
			);
		};
/* End PBXProject section */

/* Begin PBXResourcesBuildPhase section */
		84BB4D9B21F0624C00D5D496 /* Resources */ = {
			isa = PBXResourcesBuildPhase;
			buildActionMask = 2147483647;
			files = (
				84BB4DAB21F0625700D5D496 /* LaunchScreen.storyboard in Resources */,
				84BB4DA821F0625700D5D496 /* Assets.xcassets in Resources */,
				84BB4DA621F0624D00D5D496 /* Main.storyboard in Resources */,
			);
			runOnlyForDeploymentPostprocessing = 0;
		};
/* End PBXResourcesBuildPhase section */

/* Begin PBXSourcesBuildPhase section */
		84BB4D9921F0624C00D5D496 /* Sources */ = {
			isa = PBXSourcesBuildPhase;
			buildActionMask = 2147483647;
			files = (
				84BB4DA321F0624D00D5D496 /* WelcomeVC.swift in Sources */,
				84BB4DA121F0624D00D5D496 /* AppDelegate.swift in Sources */,
				84BB4DB621F7323B00D5D496 /* DesireVC.swift in Sources */,
				84BB4DB821F732F100D5D496 /* finishVcViewController.swift in Sources */,
				84BB4DB421F069C300D5D496 /* borderButton.swift in Sources */,
			);
			runOnlyForDeploymentPostprocessing = 0;
		};
/* End PBXSourcesBuildPhase section */

/* Begin PBXVariantGroup section */
		84BB4DA421F0624D00D5D496 /* Main.storyboard */ = {
			isa = PBXVariantGroup;
			children = (
				84BB4DA521F0624D00D5D496 /* Base */,
			);
			name = Main.storyboard;
			sourceTree = "<group>";
		};
		84BB4DA921F0625700D5D496 /* LaunchScreen.storyboard */ = {
			isa = PBXVariantGroup;
			children = (
				84BB4DAA21F0625700D5D496 /* Base */,
			);
			name = LaunchScreen.storyboard;
			sourceTree = "<group>";
		};
/* End PBXVariantGroup section */

/* Begin XCBuildConfiguration section */
		84BB4DAD21F0625700D5D496 /* Debug */ = {
			isa = XCBuildConfiguration;
			buildSettings = {
				ALWAYS_SEARCH_USER_PATHS = NO;
				CLANG_ANALYZER_NONNULL = YES;
				CLANG_ANALYZER_NUMBER_OBJECT_CONVERSION = YES_AGGRESSIVE;
				CLANG_CXX_LANGUAGE_STANDARD = "gnu++14";
				CLANG_CXX_LIBRARY = "libc++";
				CLANG_ENABLE_MODULES = YES;
				CLANG_ENABLE_OBJC_ARC = YES;
				CLANG_ENABLE_OBJC_WEAK = YES;
				CLANG_WARN_BLOCK_CAPTURE_AUTORELEASING = YES;
				CLANG_WARN_BOOL_CONVERSION = YES;
				CLANG_WARN_COMMA = YES;
				CLANG_WARN_CONSTANT_CONVERSION = YES;
				CLANG_WARN_DEPRECATED_OBJC_IMPLEMENTATIONS = YES;
				CLANG_WARN_DIRECT_OBJC_ISA_USAGE = YES_ERROR;
				CLANG_WARN_DOCUMENTATION_COMMENTS = YES;
				CLANG_WARN_EMPTY_BODY = YES;
				CLANG_WARN_ENUM_CONVERSION = YES;
				CLANG_WARN_INFINITE_RECURSION = YES;
				CLANG_WARN_INT_CONVERSION = YES;
				CLANG_WARN_NON_LITERAL_NULL_CONVERSION = YES;
				CLANG_WARN_OBJC_IMPLICIT_RETAIN_SELF = YES;
				CLANG_WARN_OBJC_LITERAL_CONVERSION = YES;
				CLANG_WARN_OBJC_ROOT_CLASS = YES_ERROR;
				CLANG_WARN_RANGE_LOOP_ANALYSIS = YES;
				CLANG_WARN_STRICT_PROTOTYPES = YES;
				CLANG_WARN_SUSPICIOUS_MOVE = YES;
				CLANG_WARN_UNGUARDED_AVAILABILITY = YES_AGGRESSIVE;
				CLANG_WARN_UNREACHABLE_CODE = YES;
				CLANG_WARN__DUPLICATE_METHOD_MATCH = YES;
				CODE_SIGN_IDENTITY = "iPhone Developer";
				COPY_PHASE_STRIP = NO;
				DEBUG_INFORMATION_FORMAT = dwarf;
				ENABLE_STRICT_OBJC_MSGSEND = YES;
				ENABLE_TESTABILITY = YES;
				GCC_C_LANGUAGE_STANDARD = gnu11;
				GCC_DYNAMIC_NO_PIC = NO;
				GCC_NO_COMMON_BLOCKS = YES;
				GCC_OPTIMIZATION_LEVEL = 0;
				GCC_PREPROCESSOR_DEFINITIONS = (
					"DEBUG=1",
					"$(inherited)",
				);
				GCC_WARN_64_TO_32_BIT_CONVERSION = YES;
				GCC_WARN_ABOUT_RETURN_TYPE = YES_ERROR;
				GCC_WARN_UNDECLARED_SELECTOR = YES;
				GCC_WARN_UNINITIALIZED_AUTOS = YES_AGGRESSIVE;
				GCC_WARN_UNUSED_FUNCTION = YES;
				GCC_WARN_UNUSED_VARIABLE = YES;
				IPHONEOS_DEPLOYMENT_TARGET = 12.1;
				MTL_ENABLE_DEBUG_INFO = INCLUDE_SOURCE;
				MTL_FAST_MATH = YES;
				ONLY_ACTIVE_ARCH = YES;
				SDKROOT = iphoneos;
				SWIFT_ACTIVE_COMPILATION_CONDITIONS = DEBUG;
				SWIFT_OPTIMIZATION_LEVEL = "-Onone";
			};
			name = Debug;
		};
		84BB4DAE21F0625700D5D496 /* Release */ = {
			isa = XCBuildConfiguration;
			buildSettings = {
				ALWAYS_SEARCH_USER_PATHS = NO;
				CLANG_ANALYZER_NONNULL = YES;
				CLANG_ANALYZER_NUMBER_OBJECT_CONVERSION = YES_AGGRESSIVE;
				CLANG_CXX_LANGUAGE_STANDARD = "gnu++14";
				CLANG_CXX_LIBRARY = "libc++";
				CLANG_ENABLE_MODULES = YES;
				CLANG_ENABLE_OBJC_ARC = YES;
				CLANG_ENABLE_OBJC_WEAK = YES;
				CLANG_WARN_BLOCK_CAPTURE_AUTORELEASING = YES;
				CLANG_WARN_BOOL_CONVERSION = YES;
				CLANG_WARN_COMMA = YES;
				CLANG_WARN_CONSTANT_CONVERSION = YES;
				CLANG_WARN_DEPRECATED_OBJC_IMPLEMENTATIONS = YES;
				CLANG_WARN_DIRECT_OBJC_ISA_USAGE = YES_ERROR;
				CLANG_WARN_DOCUMENTATION_COMMENTS = YES;
				CLANG_WARN_EMPTY_BODY = YES;
				CLANG_WARN_ENUM_CONVERSION = YES;
				CLANG_WARN_INFINITE_RECURSION = YES;
				CLANG_WARN_INT_CONVERSION = YES;
				CLANG_WARN_NON_LITERAL_NULL_CONVERSION = YES;
				CLANG_WARN_OBJC_IMPLICIT_RETAIN_SELF = YES;
				CLANG_WARN_OBJC_LITERAL_CONVERSION = YES;
				CLANG_WARN_OBJC_ROOT_CLASS = YES_ERROR;
				CLANG_WARN_RANGE_LOOP_ANALYSIS = YES;
				CLANG_WARN_STRICT_PROTOTYPES = YES;
				CLANG_WARN_SUSPICIOUS_MOVE = YES;
				CLANG_WARN_UNGUARDED_AVAILABILITY = YES_AGGRESSIVE;
				CLANG_WARN_UNREACHABLE_CODE = YES;
				CLANG_WARN__DUPLICATE_METHOD_MATCH = YES;
				CODE_SIGN_IDENTITY = "iPhone Developer";
				COPY_PHASE_STRIP = NO;
				DEBUG_INFORMATION_FORMAT = "dwarf-with-dsym";
				ENABLE_NS_ASSERTIONS = NO;
				ENABLE_STRICT_OBJC_MSGSEND = YES;
				GCC_C_LANGUAGE_STANDARD = gnu11;
				GCC_NO_COMMON_BLOCKS = YES;
				GCC_WARN_64_TO_32_BIT_CONVERSION = YES;
				GCC_WARN_ABOUT_RETURN_TYPE = YES_ERROR;
				GCC_WARN_UNDECLARED_SELECTOR = YES;
				GCC_WARN_UNINITIALIZED_AUTOS = YES_AGGRESSIVE;
				GCC_WARN_UNUSED_FUNCTION = YES;
				GCC_WARN_UNUSED_VARIABLE = YES;
				IPHONEOS_DEPLOYMENT_TARGET = 12.1;
				MTL_ENABLE_DEBUG_INFO = NO;
				MTL_FAST_MATH = YES;
				SDKROOT = iphoneos;
				SWIFT_COMPILATION_MODE = wholemodule;
				SWIFT_OPTIMIZATION_LEVEL = "-O";
				VALIDATE_PRODUCT = YES;
			};
			name = Release;
		};
		84BB4DB021F0625700D5D496 /* Debug */ = {
			isa = XCBuildConfiguration;
			buildSettings = {
				ASSETCATALOG_COMPILER_APPICON_NAME = AppIcon;
				CODE_SIGN_STYLE = Automatic;
				DEVELOPMENT_TEAM = T3NK7U77Q3;
				INFOPLIST_FILE = "Swoosh App/Info.plist";
				LD_RUNPATH_SEARCH_PATHS = (
					"$(inherited)",
					"@executable_path/Frameworks",
				);
				PRODUCT_BUNDLE_IDENTIFIER = "NanoSoft.Swoosh-App";
				PRODUCT_NAME = "$(TARGET_NAME)";
				SWIFT_VERSION = 4.2;
				TARGETED_DEVICE_FAMILY = "1,2";
			};
			name = Debug;
		};
		84BB4DB121F0625700D5D496 /* Release */ = {
			isa = XCBuildConfiguration;
			buildSettings = {
				ASSETCATALOG_COMPILER_APPICON_NAME = AppIcon;
				CODE_SIGN_STYLE = Automatic;
				DEVELOPMENT_TEAM = T3NK7U77Q3;
				INFOPLIST_FILE = "Swoosh App/Info.plist";
				LD_RUNPATH_SEARCH_PATHS = (
					"$(inherited)",
					"@executable_path/Frameworks",
				);
				PRODUCT_BUNDLE_IDENTIFIER = "NanoSoft.Swoosh-App";
				PRODUCT_NAME = "$(TARGET_NAME)";
				SWIFT_VERSION = 4.2;
				TARGETED_DEVICE_FAMILY = "1,2";
			};
			name = Release;
		};
/* End XCBuildConfiguration section */

/* Begin XCConfigurationList section */
		84BB4D9821F0624C00D5D496 /* Build configuration list for PBXProject "Swoosh App" */ = {
			isa = XCConfigurationList;
			buildConfigurations = (
				84BB4DAD21F0625700D5D496 /* Debug */,
				84BB4DAE21F0625700D5D496 /* Release */,
			);
			defaultConfigurationIsVisible = 0;
			defaultConfigurationName = Release;
		};
		84BB4DAF21F0625700D5D496 /* Build configuration list for PBXNativeTarget "Swoosh App" */ = {
			isa = XCConfigurationList;
			buildConfigurations = (
				84BB4DB021F0625700D5D496 /* Debug */,
				84BB4DB121F0625700D5D496 /* Release */,
			);
			defaultConfigurationIsVisible = 0;
			defaultConfigurationName = Release;
		};
/* End XCConfigurationList section */
	};
	rootObject = 84BB4D9521F0624C00D5D496 /* Project object */;
}
